
Microsoft Visual Studio Solution File, Format Version 12.00
# Visual Studio Version 17
VisualStudioVersion = 17.0.31919.166
MinimumVisualStudioVersion = 10.0.40219.1
Project("{FAE04EC0-301F-11D3-BF4B-00C04F79EFBC}") = "Exer02", "Exer02\Exer02.csproj", "{AEC4F847-D9A3-444E-A0F0-19A7F7BB1FB3}"
EndProject
Global
	GlobalSection(SolutionConfigurationPlatforms) = preSolution
		Debug|Any CPU = Debug|Any CPU
		Release|Any CPU = Release|Any CPU
	EndGlobalSection
	GlobalSection(ProjectConfigurationPlatforms) = postSolution
		{AEC4F847-D9A3-444E-A0F0-19A7F7BB1FB3}.Debug|Any CPU.ActiveCfg = Debug|Any CPU
		{AEC4F847-D9A3-444E-A0F0-19A7F7BB1FB3}.Debug|Any CPU.Build.0 = Debug|Any CPU
		{AEC4F847-D9A3-444E-A0F0-19A7F7BB1FB3}.Release|Any CPU.ActiveCfg = Release|Any CPU
		{AEC4F847-D9A3-444E-A0F0-19A7F7BB1FB3}.Release|Any CPU.Build.0 = Release|Any CPU
	EndGlobalSection
	GlobalSection(SolutionProperties) = preSolution
		HideSolutionNode = FALSE
	EndGlobalSection
	GlobalSection(ExtensibilityGlobals) = postSolution
		SolutionGuid = {08D1C432-A717-4AA1-B757-1ED020A096C0}
	EndGlobalSection
EndGlobal
